
Microsoft Visual Studio Solution File, Format Version 12.00
# Visual Studio 2017
Project("{FAE04EC0-301F-11D3-BF4B-00C04F79EFBC}") = "TowerDefend", "TowerDefend.csproj", "{599A7795-B91F-02E7-5E7D-B64F6B08A55D}"
EndProject
Project("{FAE04EC0-301F-11D3-BF4B-00C04F79EFBC}") = "TowerDefend.Editor", "TowerDefend.Editor.csproj", "{A0EC79F8-82FC-EE2A-FBD6-E584DE1F18A0}"
EndProject
Global
	GlobalSection(SolutionConfigurationPlatforms) = preSolution
		Debug|Any CPU = Debug|Any CPU
		Release|Any CPU = Release|Any CPU
	EndGlobalSection
	GlobalSection(ProjectConfigurationPlatforms) = postSolution
		{599A7795-B91F-02E7-5E7D-B64F6B08A55D}.Debug|Any CPU.ActiveCfg = Debug|Any CPU
		{599A7795-B91F-02E7-5E7D-B64F6B08A55D}.Debug|Any CPU.Build.0 = Debug|Any CPU
		{599A7795-B91F-02E7-5E7D-B64F6B08A55D}.Release|Any CPU.ActiveCfg = Release|Any CPU
		{599A7795-B91F-02E7-5E7D-B64F6B08A55D}.Release|Any CPU.Build.0 = Release|Any CPU
		{A0EC79F8-82FC-EE2A-FBD6-E584DE1F18A0}.Debug|Any CPU.ActiveCfg = Debug|Any CPU
		{A0EC79F8-82FC-EE2A-FBD6-E584DE1F18A0}.Debug|Any CPU.Build.0 = Debug|Any CPU
		{A0EC79F8-82FC-EE2A-FBD6-E584DE1F18A0}.Release|Any CPU.ActiveCfg = Release|Any CPU
		{A0EC79F8-82FC-EE2A-FBD6-E584DE1F18A0}.Release|Any CPU.Build.0 = Release|Any CPU
	EndGlobalSection
	GlobalSection(SolutionProperties) = preSolution
		HideSolutionNode = FALSE
	EndGlobalSection
EndGlobal
